// !$*UTF8*$!
{
	archiveVersion = 1;
	classes = {
	};
	objectVersion = 56;
	objects = {

/* Begin PBXBuildFile section */
		8441632629EDBCBB006C3721 /* AppDelegate.swift in Sources */ = {isa = PBXBuildFile; fileRef = 8441632529EDBCBB006C3721 /* AppDelegate.swift */; };
		8441632A29EDBCBB006C3721 /* DailyPlannerViewController.swift in Sources */ = {isa = PBXBuildFile; fileRef = 8441632929EDBCBB006C3721 /* DailyPlannerViewController.swift */; };
		8441632F29EDBCBD006C3721 /* Assets.xcassets in Resources */ = {isa = PBXBuildFile; fileRef = 8441632E29EDBCBD006C3721 /* Assets.xcassets */; };
		8441633229EDBCBD006C3721 /* LaunchScreen.storyboard in Resources */ = {isa = PBXBuildFile; fileRef = 8441633029EDBCBD006C3721 /* LaunchScreen.storyboard */; };
		8441633A29EDBD87006C3721 /* .swiftlint.yml in Resources */ = {isa = PBXBuildFile; fileRef = 8441633929EDBD87006C3721 /* .swiftlint.yml */; };
		8441633D29EDBEBC006C3721 /* StartService.swift in Sources */ = {isa = PBXBuildFile; fileRef = 8441633C29EDBEBC006C3721 /* StartService.swift */; };
		8441634229EEC717006C3721 /* DailyPlannerConstants.swift in Sources */ = {isa = PBXBuildFile; fileRef = 8441634129EEC717006C3721 /* DailyPlannerConstants.swift */; };
		8441634529EECC1C006C3721 /* DailyPlannerPresenter.swift in Sources */ = {isa = PBXBuildFile; fileRef = 8441634429EECC1C006C3721 /* DailyPlannerPresenter.swift */; };
		8441634729EECC28006C3721 /* DailyPlannerBuilder.swift in Sources */ = {isa = PBXBuildFile; fileRef = 8441634629EECC28006C3721 /* DailyPlannerBuilder.swift */; };
		8441634929EED356006C3721 /* WeekCollectionViewCell.swift in Sources */ = {isa = PBXBuildFile; fileRef = 8441634829EED356006C3721 /* WeekCollectionViewCell.swift */; };
		8441634C29F127EF006C3721 /* WeekCollectionView.swift in Sources */ = {isa = PBXBuildFile; fileRef = 8441634B29F127EF006C3721 /* WeekCollectionView.swift */; };
		D66A2A726F39A2040140AC29 /* Pods_DailyPlanner.framework in Frameworks */ = {isa = PBXBuildFile; fileRef = 38C60E1272A009CE337F0CA2 /* Pods_DailyPlanner.framework */; };
/* End PBXBuildFile section */

/* Begin PBXFileReference section */
		2B9C13EEF6E673838EA02BE2 /* Pods-DailyPlanner.debug.xcconfig */ = {isa = PBXFileReference; includeInIndex = 1; lastKnownFileType = text.xcconfig; name = "Pods-DailyPlanner.debug.xcconfig"; path = "Target Support Files/Pods-DailyPlanner/Pods-DailyPlanner.debug.xcconfig"; sourceTree = "<group>"; };
		38C60E1272A009CE337F0CA2 /* Pods_DailyPlanner.framework */ = {isa = PBXFileReference; explicitFileType = wrapper.framework; includeInIndex = 0; path = Pods_DailyPlanner.framework; sourceTree = BUILT_PRODUCTS_DIR; };
		82B55DE0D73CF03A3894F9F7 /* Pods-DailyPlanner.release.xcconfig */ = {isa = PBXFileReference; includeInIndex = 1; lastKnownFileType = text.xcconfig; name = "Pods-DailyPlanner.release.xcconfig"; path = "Target Support Files/Pods-DailyPlanner/Pods-DailyPlanner.release.xcconfig"; sourceTree = "<group>"; };
		8441632229EDBCBB006C3721 /* DailyPlanner.app */ = {isa = PBXFileReference; explicitFileType = wrapper.application; includeInIndex = 0; path = DailyPlanner.app; sourceTree = BUILT_PRODUCTS_DIR; };
		8441632529EDBCBB006C3721 /* AppDelegate.swift */ = {isa = PBXFileReference; lastKnownFileType = sourcecode.swift; path = AppDelegate.swift; sourceTree = "<group>"; };
		8441632929EDBCBB006C3721 /* DailyPlannerViewController.swift */ = {isa = PBXFileReference; lastKnownFileType = sourcecode.swift; path = DailyPlannerViewController.swift; sourceTree = "<group>"; };
		8441632E29EDBCBD006C3721 /* Assets.xcassets */ = {isa = PBXFileReference; lastKnownFileType = folder.assetcatalog; path = Assets.xcassets; sourceTree = "<group>"; };
		8441633129EDBCBD006C3721 /* Base */ = {isa = PBXFileReference; lastKnownFileType = file.storyboard; name = Base; path = Base.lproj/LaunchScreen.storyboard; sourceTree = "<group>"; };
		8441633329EDBCBD006C3721 /* Info.plist */ = {isa = PBXFileReference; lastKnownFileType = text.plist.xml; path = Info.plist; sourceTree = "<group>"; };
		8441633929EDBD87006C3721 /* .swiftlint.yml */ = {isa = PBXFileReference; lastKnownFileType = text.yaml; path = .swiftlint.yml; sourceTree = "<group>"; };
		8441633C29EDBEBC006C3721 /* StartService.swift */ = {isa = PBXFileReference; lastKnownFileType = sourcecode.swift; path = StartService.swift; sourceTree = "<group>"; };
		8441634129EEC717006C3721 /* DailyPlannerConstants.swift */ = {isa = PBXFileReference; lastKnownFileType = sourcecode.swift; path = DailyPlannerConstants.swift; sourceTree = "<group>"; };
		8441634429EECC1C006C3721 /* DailyPlannerPresenter.swift */ = {isa = PBXFileReference; lastKnownFileType = sourcecode.swift; path = DailyPlannerPresenter.swift; sourceTree = "<group>"; };
		8441634629EECC28006C3721 /* DailyPlannerBuilder.swift */ = {isa = PBXFileReference; lastKnownFileType = sourcecode.swift; path = DailyPlannerBuilder.swift; sourceTree = "<group>"; };
		8441634829EED356006C3721 /* WeekCollectionViewCell.swift */ = {isa = PBXFileReference; lastKnownFileType = sourcecode.swift; path = WeekCollectionViewCell.swift; sourceTree = "<group>"; };
		8441634B29F127EF006C3721 /* WeekCollectionView.swift */ = {isa = PBXFileReference; lastKnownFileType = sourcecode.swift; path = WeekCollectionView.swift; sourceTree = "<group>"; };
/* End PBXFileReference section */

/* Begin PBXFrameworksBuildPhase section */
		8441631F29EDBCBB006C3721 /* Frameworks */ = {
			isa = PBXFrameworksBuildPhase;
			buildActionMask = 2147483647;
			files = (
				D66A2A726F39A2040140AC29 /* Pods_DailyPlanner.framework in Frameworks */,
			);
			runOnlyForDeploymentPostprocessing = 0;
		};
/* End PBXFrameworksBuildPhase section */

/* Begin PBXGroup section */
		4DC9F14C9F195E98B1353EA9 /* Frameworks */ = {
			isa = PBXGroup;
			children = (
				38C60E1272A009CE337F0CA2 /* Pods_DailyPlanner.framework */,
			);
			name = Frameworks;
			sourceTree = "<group>";
		};
		77A0C39B9775BF1F3A841867 /* Pods */ = {
			isa = PBXGroup;
			children = (
				2B9C13EEF6E673838EA02BE2 /* Pods-DailyPlanner.debug.xcconfig */,
				82B55DE0D73CF03A3894F9F7 /* Pods-DailyPlanner.release.xcconfig */,
			);
			path = Pods;
			sourceTree = "<group>";
		};
		8441631929EDBCBB006C3721 = {
			isa = PBXGroup;
			children = (
				8441633929EDBD87006C3721 /* .swiftlint.yml */,
				8441632429EDBCBB006C3721 /* DailyPlanner */,
				8441632329EDBCBB006C3721 /* Products */,
				77A0C39B9775BF1F3A841867 /* Pods */,
				4DC9F14C9F195E98B1353EA9 /* Frameworks */,
			);
			sourceTree = "<group>";
		};
		8441632329EDBCBB006C3721 /* Products */ = {
			isa = PBXGroup;
			children = (
				8441632229EDBCBB006C3721 /* DailyPlanner.app */,
			);
			name = Products;
			sourceTree = "<group>";
		};
		8441632429EDBCBB006C3721 /* DailyPlanner */ = {
			isa = PBXGroup;
			children = (
				8441634029EDC00E006C3721 /* Models */,
				8441633F29EDBFF7006C3721 /* Constants */,
				8441633E29EDBFEC006C3721 /* Modules */,
				8441633B29EDBEAF006C3721 /* Services */,
				8441632529EDBCBB006C3721 /* AppDelegate.swift */,
				8441632E29EDBCBD006C3721 /* Assets.xcassets */,
				8441633029EDBCBD006C3721 /* LaunchScreen.storyboard */,
				8441633329EDBCBD006C3721 /* Info.plist */,
			);
			path = DailyPlanner;
			sourceTree = "<group>";
		};
		8441633B29EDBEAF006C3721 /* Services */ = {
			isa = PBXGroup;
			children = (
				8441633C29EDBEBC006C3721 /* StartService.swift */,
			);
			path = Services;
			sourceTree = "<group>";
		};
		8441633E29EDBFEC006C3721 /* Modules */ = {
			isa = PBXGroup;
			children = (
				8441634329EECC09006C3721 /* DailyPlanner */,
			);
			path = Modules;
			sourceTree = "<group>";
		};
		8441633F29EDBFF7006C3721 /* Constants */ = {
			isa = PBXGroup;
			children = (
				8441634129EEC717006C3721 /* DailyPlannerConstants.swift */,
			);
			path = Constants;
			sourceTree = "<group>";
		};
		8441634029EDC00E006C3721 /* Models */ = {
			isa = PBXGroup;
			children = (
			);
			path = Models;
			sourceTree = "<group>";
		};
		8441634329EECC09006C3721 /* DailyPlanner */ = {
			isa = PBXGroup;
			children = (
				8441634A29F127CC006C3721 /* DateCollectiion */,
				8441632929EDBCBB006C3721 /* DailyPlannerViewController.swift */,
				8441634429EECC1C006C3721 /* DailyPlannerPresenter.swift */,
				8441634629EECC28006C3721 /* DailyPlannerBuilder.swift */,
			);
			path = DailyPlanner;
			sourceTree = "<group>";
		};
		8441634A29F127CC006C3721 /* DateCollectiion */ = {
			isa = PBXGroup;
			children = (
				8441634829EED356006C3721 /* WeekCollectionViewCell.swift */,
				8441634B29F127EF006C3721 /* WeekCollectionView.swift */,
			);
			path = DateCollectiion;
			sourceTree = "<group>";
		};
/* End PBXGroup section */

/* Begin PBXNativeTarget section */
		8441632129EDBCBB006C3721 /* DailyPlanner */ = {
			isa = PBXNativeTarget;
			buildConfigurationList = 8441633629EDBCBD006C3721 /* Build configuration list for PBXNativeTarget "DailyPlanner" */;
			buildPhases = (
				D681B22E6E33BD5D78F03839 /* [CP] Check Pods Manifest.lock */,
				8441631E29EDBCBB006C3721 /* Sources */,
				8441631F29EDBCBB006C3721 /* Frameworks */,
				8441632029EDBCBB006C3721 /* Resources */,
				5F03909C6ED761BAF22556B3 /* [CP] Embed Pods Frameworks */,
			);
			buildRules = (
			);
			dependencies = (
			);
			name = DailyPlanner;
			productName = DailyPlanner;
			productReference = 8441632229EDBCBB006C3721 /* DailyPlanner.app */;
			productType = "com.apple.product-type.application";
		};
/* End PBXNativeTarget section */

/* Begin PBXProject section */
		8441631A29EDBCBB006C3721 /* Project object */ = {
			isa = PBXProject;
			attributes = {
				BuildIndependentTargetsInParallel = 1;
				LastSwiftUpdateCheck = 1430;
				LastUpgradeCheck = 1430;
				TargetAttributes = {
					8441632129EDBCBB006C3721 = {
						CreatedOnToolsVersion = 14.3;
					};
				};
			};
			buildConfigurationList = 8441631D29EDBCBB006C3721 /* Build configuration list for PBXProject "DailyPlanner" */;
			compatibilityVersion = "Xcode 14.0";
			developmentRegion = en;
			hasScannedForEncodings = 0;
			knownRegions = (
				en,
				Base,
			);
			mainGroup = 8441631929EDBCBB006C3721;
			productRefGroup = 8441632329EDBCBB006C3721 /* Products */;
			projectDirPath = "";
			projectRoot = "";
			targets = (
				8441632129EDBCBB006C3721 /* DailyPlanner */,
			);
		};
/* End PBXProject section */

/* Begin PBXResourcesBuildPhase section */
		8441632029EDBCBB006C3721 /* Resources */ = {
			isa = PBXResourcesBuildPhase;
			buildActionMask = 2147483647;
			files = (
				8441633A29EDBD87006C3721 /* .swiftlint.yml in Resources */,
				8441633229EDBCBD006C3721 /* LaunchScreen.storyboard in Resources */,
				8441632F29EDBCBD006C3721 /* Assets.xcassets in Resources */,
			);
			runOnlyForDeploymentPostprocessing = 0;
		};
/* End PBXResourcesBuildPhase section */

/* Begin PBXShellScriptBuildPhase section */
		5F03909C6ED761BAF22556B3 /* [CP] Embed Pods Frameworks */ = {
			isa = PBXShellScriptBuildPhase;
			buildActionMask = 2147483647;
			files = (
			);
			inputFileListPaths = (
				"${PODS_ROOT}/Target Support Files/Pods-DailyPlanner/Pods-DailyPlanner-frameworks-${CONFIGURATION}-input-files.xcfilelist",
			);
			name = "[CP] Embed Pods Frameworks";
			outputFileListPaths = (
				"${PODS_ROOT}/Target Support Files/Pods-DailyPlanner/Pods-DailyPlanner-frameworks-${CONFIGURATION}-output-files.xcfilelist",
			);
			runOnlyForDeploymentPostprocessing = 0;
			shellPath = /bin/sh;
			shellScript = "\"${PODS_ROOT}/Target Support Files/Pods-DailyPlanner/Pods-DailyPlanner-frameworks.sh\"\n";
			showEnvVarsInLog = 0;
		};
		D681B22E6E33BD5D78F03839 /* [CP] Check Pods Manifest.lock */ = {
			isa = PBXShellScriptBuildPhase;
			buildActionMask = 2147483647;
			files = (
			);
			inputFileListPaths = (
			);
			inputPaths = (
				"${PODS_PODFILE_DIR_PATH}/Podfile.lock",
				"${PODS_ROOT}/Manifest.lock",
			);
			name = "[CP] Check Pods Manifest.lock";
			outputFileListPaths = (
			);
			outputPaths = (
				"$(DERIVED_FILE_DIR)/Pods-DailyPlanner-checkManifestLockResult.txt",
			);
			runOnlyForDeploymentPostprocessing = 0;
			shellPath = /bin/sh;
			shellScript = "diff \"${PODS_PODFILE_DIR_PATH}/Podfile.lock\" \"${PODS_ROOT}/Manifest.lock\" > /dev/null\nif [ $? != 0 ] ; then\n    # print error to STDERR\n    echo \"error: The sandbox is not in sync with the Podfile.lock. Run 'pod install' or update your CocoaPods installation.\" >&2\n    exit 1\nfi\n# This output is used by Xcode 'outputs' to avoid re-running this script phase.\necho \"SUCCESS\" > \"${SCRIPT_OUTPUT_FILE_0}\"\n";
			showEnvVarsInLog = 0;
		};
/* End PBXShellScriptBuildPhase section */

/* Begin PBXSourcesBuildPhase section */
		8441631E29EDBCBB006C3721 /* Sources */ = {
			isa = PBXSourcesBuildPhase;
			buildActionMask = 2147483647;
			files = (
				8441634C29F127EF006C3721 /* WeekCollectionView.swift in Sources */,
				8441633D29EDBEBC006C3721 /* StartService.swift in Sources */,
				8441632A29EDBCBB006C3721 /* DailyPlannerViewController.swift in Sources */,
				8441634529EECC1C006C3721 /* DailyPlannerPresenter.swift in Sources */,
				8441634229EEC717006C3721 /* DailyPlannerConstants.swift in Sources */,
				8441634729EECC28006C3721 /* DailyPlannerBuilder.swift in Sources */,
				8441632629EDBCBB006C3721 /* AppDelegate.swift in Sources */,
				8441634929EED356006C3721 /* WeekCollectionViewCell.swift in Sources */,
			);
			runOnlyForDeploymentPostprocessing = 0;
		};
/* End PBXSourcesBuildPhase section */

/* Begin PBXVariantGroup section */
		8441633029EDBCBD006C3721 /* LaunchScreen.storyboard */ = {
			isa = PBXVariantGroup;
			children = (
				8441633129EDBCBD006C3721 /* Base */,
			);
			name = LaunchScreen.storyboard;
			sourceTree = "<group>";
		};
/* End PBXVariantGroup section */

/* Begin XCBuildConfiguration section */
		8441633429EDBCBD006C3721 /* Debug */ = {
			isa = XCBuildConfiguration;
			buildSettings = {
				ALWAYS_SEARCH_USER_PATHS = NO;
				CLANG_ANALYZER_NONNULL = YES;
				CLANG_ANALYZER_NUMBER_OBJECT_CONVERSION = YES_AGGRESSIVE;
				CLANG_CXX_LANGUAGE_STANDARD = "gnu++20";
				CLANG_ENABLE_MODULES = YES;
				CLANG_ENABLE_OBJC_ARC = YES;
				CLANG_ENABLE_OBJC_WEAK = YES;
				CLANG_WARN_BLOCK_CAPTURE_AUTORELEASING = YES;
				CLANG_WARN_BOOL_CONVERSION = YES;
				CLANG_WARN_COMMA = YES;
				CLANG_WARN_CONSTANT_CONVERSION = YES;
				CLANG_WARN_DEPRECATED_OBJC_IMPLEMENTATIONS = YES;
				CLANG_WARN_DIRECT_OBJC_ISA_USAGE = YES_ERROR;
				CLANG_WARN_DOCUMENTATION_COMMENTS = YES;
				CLANG_WARN_EMPTY_BODY = YES;
				CLANG_WARN_ENUM_CONVERSION = YES;
				CLANG_WARN_INFINITE_RECURSION = YES;
				CLANG_WARN_INT_CONVERSION = YES;
				CLANG_WARN_NON_LITERAL_NULL_CONVERSION = YES;
				CLANG_WARN_OBJC_IMPLICIT_RETAIN_SELF = YES;
				CLANG_WARN_OBJC_LITERAL_CONVERSION = YES;
				CLANG_WARN_OBJC_ROOT_CLASS = YES_ERROR;
				CLANG_WARN_QUOTED_INCLUDE_IN_FRAMEWORK_HEADER = YES;
				CLANG_WARN_RANGE_LOOP_ANALYSIS = YES;
				CLANG_WARN_STRICT_PROTOTYPES = YES;
				CLANG_WARN_SUSPICIOUS_MOVE = YES;
				CLANG_WARN_UNGUARDED_AVAILABILITY = YES_AGGRESSIVE;
				CLANG_WARN_UNREACHABLE_CODE = YES;
				CLANG_WARN__DUPLICATE_METHOD_MATCH = YES;
				COPY_PHASE_STRIP = NO;
				DEBUG_INFORMATION_FORMAT = dwarf;
				ENABLE_STRICT_OBJC_MSGSEND = YES;
				ENABLE_TESTABILITY = YES;
				GCC_C_LANGUAGE_STANDARD = gnu11;
				GCC_DYNAMIC_NO_PIC = NO;
				GCC_NO_COMMON_BLOCKS = YES;
				GCC_OPTIMIZATION_LEVEL = 0;
				GCC_PREPROCESSOR_DEFINITIONS = (
					"DEBUG=1",
					"$(inherited)",
				);
				GCC_WARN_64_TO_32_BIT_CONVERSION = YES;
				GCC_WARN_ABOUT_RETURN_TYPE = YES_ERROR;
				GCC_WARN_UNDECLARED_SELECTOR = YES;
				GCC_WARN_UNINITIALIZED_AUTOS = YES_AGGRESSIVE;
				GCC_WARN_UNUSED_FUNCTION = YES;
				GCC_WARN_UNUSED_VARIABLE = YES;
				IPHONEOS_DEPLOYMENT_TARGET = 12.0;
				MTL_ENABLE_DEBUG_INFO = INCLUDE_SOURCE;
				MTL_FAST_MATH = YES;
				ONLY_ACTIVE_ARCH = YES;
				SDKROOT = iphoneos;
				SWIFT_ACTIVE_COMPILATION_CONDITIONS = DEBUG;
				SWIFT_OPTIMIZATION_LEVEL = "-Onone";
			};
			name = Debug;
		};
		8441633529EDBCBD006C3721 /* Release */ = {
			isa = XCBuildConfiguration;
			buildSettings = {
				ALWAYS_SEARCH_USER_PATHS = NO;
				CLANG_ANALYZER_NONNULL = YES;
				CLANG_ANALYZER_NUMBER_OBJECT_CONVERSION = YES_AGGRESSIVE;
				CLANG_CXX_LANGUAGE_STANDARD = "gnu++20";
				CLANG_ENABLE_MODULES = YES;
				CLANG_ENABLE_OBJC_ARC = YES;
				CLANG_ENABLE_OBJC_WEAK = YES;
				CLANG_WARN_BLOCK_CAPTURE_AUTORELEASING = YES;
				CLANG_WARN_BOOL_CONVERSION = YES;
				CLANG_WARN_COMMA = YES;
				CLANG_WARN_CONSTANT_CONVERSION = YES;
				CLANG_WARN_DEPRECATED_OBJC_IMPLEMENTATIONS = YES;
				CLANG_WARN_DIRECT_OBJC_ISA_USAGE = YES_ERROR;
				CLANG_WARN_DOCUMENTATION_COMMENTS = YES;
				CLANG_WARN_EMPTY_BODY = YES;
				CLANG_WARN_ENUM_CONVERSION = YES;
				CLANG_WARN_INFINITE_RECURSION = YES;
				CLANG_WARN_INT_CONVERSION = YES;
				CLANG_WARN_NON_LITERAL_NULL_CONVERSION = YES;
				CLANG_WARN_OBJC_IMPLICIT_RETAIN_SELF = YES;
				CLANG_WARN_OBJC_LITERAL_CONVERSION = YES;
				CLANG_WARN_OBJC_ROOT_CLASS = YES_ERROR;
				CLANG_WARN_QUOTED_INCLUDE_IN_FRAMEWORK_HEADER = YES;
				CLANG_WARN_RANGE_LOOP_ANALYSIS = YES;
				CLANG_WARN_STRICT_PROTOTYPES = YES;
				CLANG_WARN_SUSPICIOUS_MOVE = YES;
				CLANG_WARN_UNGUARDED_AVAILABILITY = YES_AGGRESSIVE;
				CLANG_WARN_UNREACHABLE_CODE = YES;
				CLANG_WARN__DUPLICATE_METHOD_MATCH = YES;
				COPY_PHASE_STRIP = NO;
				DEBUG_INFORMATION_FORMAT = "dwarf-with-dsym";
				ENABLE_NS_ASSERTIONS = NO;
				ENABLE_STRICT_OBJC_MSGSEND = YES;
				GCC_C_LANGUAGE_STANDARD = gnu11;
				GCC_NO_COMMON_BLOCKS = YES;
				GCC_WARN_64_TO_32_BIT_CONVERSION = YES;
				GCC_WARN_ABOUT_RETURN_TYPE = YES_ERROR;
				GCC_WARN_UNDECLARED_SELECTOR = YES;
				GCC_WARN_UNINITIALIZED_AUTOS = YES_AGGRESSIVE;
				GCC_WARN_UNUSED_FUNCTION = YES;
				GCC_WARN_UNUSED_VARIABLE = YES;
				IPHONEOS_DEPLOYMENT_TARGET = 12.0;
				MTL_ENABLE_DEBUG_INFO = NO;
				MTL_FAST_MATH = YES;
				SDKROOT = iphoneos;
				SWIFT_COMPILATION_MODE = wholemodule;
				SWIFT_OPTIMIZATION_LEVEL = "-O";
				VALIDATE_PRODUCT = YES;
			};
			name = Release;
		};
		8441633729EDBCBD006C3721 /* Debug */ = {
			isa = XCBuildConfiguration;
			baseConfigurationReference = 2B9C13EEF6E673838EA02BE2 /* Pods-DailyPlanner.debug.xcconfig */;
			buildSettings = {
				ASSETCATALOG_COMPILER_APPICON_NAME = AppIcon;
				ASSETCATALOG_COMPILER_GLOBAL_ACCENT_COLOR_NAME = AccentColor;
				CODE_SIGN_STYLE = Automatic;
				CURRENT_PROJECT_VERSION = 1;
				DEVELOPMENT_TEAM = 9MHYTDB9DP;
				GENERATE_INFOPLIST_FILE = YES;
				INFOPLIST_FILE = DailyPlanner/Info.plist;
				INFOPLIST_KEY_UIApplicationSupportsIndirectInputEvents = YES;
				INFOPLIST_KEY_UILaunchStoryboardName = LaunchScreen;
				INFOPLIST_KEY_UISupportedInterfaceOrientations = UIInterfaceOrientationPortrait;
				IPHONEOS_DEPLOYMENT_TARGET = 12.0;
				LD_RUNPATH_SEARCH_PATHS = (
					"$(inherited)",
					"@executable_path/Frameworks",
				);
				MARKETING_VERSION = 1.0;
				PRODUCT_BUNDLE_IDENTIFIER = com.evoroncova.DailyPlanner;
				PRODUCT_NAME = "$(TARGET_NAME)";
				SWIFT_EMIT_LOC_STRINGS = YES;
				SWIFT_VERSION = 5.0;
				TARGETED_DEVICE_FAMILY = "1,2";
			};
			name = Debug;
		};
		8441633829EDBCBD006C3721 /* Release */ = {
			isa = XCBuildConfiguration;
			baseConfigurationReference = 82B55DE0D73CF03A3894F9F7 /* Pods-DailyPlanner.release.xcconfig */;
			buildSettings = {
				ASSETCATALOG_COMPILER_APPICON_NAME = AppIcon;
				ASSETCATALOG_COMPILER_GLOBAL_ACCENT_COLOR_NAME = AccentColor;
				CODE_SIGN_STYLE = Automatic;
				CURRENT_PROJECT_VERSION = 1;
				DEVELOPMENT_TEAM = 9MHYTDB9DP;
				GENERATE_INFOPLIST_FILE = YES;
				INFOPLIST_FILE = DailyPlanner/Info.plist;
				INFOPLIST_KEY_UIApplicationSupportsIndirectInputEvents = YES;
				INFOPLIST_KEY_UILaunchStoryboardName = LaunchScreen;
				INFOPLIST_KEY_UISupportedInterfaceOrientations = UIInterfaceOrientationPortrait;
				IPHONEOS_DEPLOYMENT_TARGET = 12.0;
				LD_RUNPATH_SEARCH_PATHS = (
					"$(inherited)",
					"@executable_path/Frameworks",
				);
				MARKETING_VERSION = 1.0;
				PRODUCT_BUNDLE_IDENTIFIER = com.evoroncova.DailyPlanner;
				PRODUCT_NAME = "$(TARGET_NAME)";
				SWIFT_EMIT_LOC_STRINGS = YES;
				SWIFT_VERSION = 5.0;
				TARGETED_DEVICE_FAMILY = "1,2";
			};
			name = Release;
		};
/* End XCBuildConfiguration section */

/* Begin XCConfigurationList section */
		8441631D29EDBCBB006C3721 /* Build configuration list for PBXProject "DailyPlanner" */ = {
			isa = XCConfigurationList;
			buildConfigurations = (
				8441633429EDBCBD006C3721 /* Debug */,
				8441633529EDBCBD006C3721 /* Release */,
			);
			defaultConfigurationIsVisible = 0;
			defaultConfigurationName = Release;
		};
		8441633629EDBCBD006C3721 /* Build configuration list for PBXNativeTarget "DailyPlanner" */ = {
			isa = XCConfigurationList;
			buildConfigurations = (
				8441633729EDBCBD006C3721 /* Debug */,
				8441633829EDBCBD006C3721 /* Release */,
			);
			defaultConfigurationIsVisible = 0;
			defaultConfigurationName = Release;
		};
/* End XCConfigurationList section */
	};
	rootObject = 8441631A29EDBCBB006C3721 /* Project object */;
}
